{
  "name": "rest-bones",
  "version": "0.0.2",
  "lockfileVersion": 2,
  "requires": true,
  "packages": {
    "": {
      "name": "rest-bones",
      "version": "0.0.2",
      "license": "ISC",
      "dependencies": {
        "http-bones": "^0.0.8"
      }
    },
    "node_modules/http-bones": {
      "version": "0.0.8",
      "resolved": "https://registry.npmjs.org/http-bones/-/http-bones-0.0.8.tgz",
      "integrity": "sha512-oIzUdzFBTHEgJBl+D9uDzaICKerTzccaJ7ao17r0iGOQcd/cFzlHnuVQXldzvn9TfLJxGK07XiR/nwUyvrJkFw==",
      "hasShrinkwrap": true
    }
  },
  "dependencies": {
    "http-bones": {
      "version": "0.0.8",
      "resolved": "https://registry.npmjs.org/http-bones/-/http-bones-0.0.8.tgz",
      "integrity": "sha512-oIzUdzFBTHEgJBl+D9uDzaICKerTzccaJ7ao17r0iGOQcd/cFzlHnuVQXldzvn9TfLJxGK07XiR/nwUyvrJkFw=="
    }
  }
}
