{
  "name": "rest-bones",
  "lockfileVersion": 2,
  "requires": true,
  "packages": {
    "": {
      "dependencies": {
        "http-bones": "^0.0.7"
      }
    },
    "node_modules/http-bones": {
      "version": "0.0.7",
      "resolved": "https://registry.npmjs.org/http-bones/-/http-bones-0.0.7.tgz",
      "integrity": "sha512-lk5yNozg/qlDIhdjYeSGkkF43dooIYy5y3d8ej1hCcMFio/mLO1gFTxliz1rX+Ec4iocVJ4XOCzs/33CH9pfZw==",
      "hasShrinkwrap": true
    }
  },
  "dependencies": {
    "http-bones": {
      "version": "0.0.7",
      "resolved": "https://registry.npmjs.org/http-bones/-/http-bones-0.0.7.tgz",
      "integrity": "sha512-lk5yNozg/qlDIhdjYeSGkkF43dooIYy5y3d8ej1hCcMFio/mLO1gFTxliz1rX+Ec4iocVJ4XOCzs/33CH9pfZw=="
    }
  }
}
